
Microsoft Visual Studio Solution File, Format Version 12.00
# Visual Studio 2015
Project("{FAE04EC0-301F-11D3-BF4B-00C04F79EFBC}") = "StitchOn-master", "StitchOn-master.csproj", "{DCA36D5A-F2D7-7432-0296-924E42266ECF}"
EndProject
Global
	GlobalSection(SolutionConfigurationPlatforms) = preSolution
		Debug|Any CPU = Debug|Any CPU
		Release|Any CPU = Release|Any CPU
	EndGlobalSection
	GlobalSection(ProjectConfigurationPlatforms) = postSolution
		{DCA36D5A-F2D7-7432-0296-924E42266ECF}.Debug|Any CPU.ActiveCfg = Debug|Any CPU
		{DCA36D5A-F2D7-7432-0296-924E42266ECF}.Debug|Any CPU.Build.0 = Debug|Any CPU
		{DCA36D5A-F2D7-7432-0296-924E42266ECF}.Release|Any CPU.ActiveCfg = Release|Any CPU
		{DCA36D5A-F2D7-7432-0296-924E42266ECF}.Release|Any CPU.Build.0 = Release|Any CPU
	EndGlobalSection
	GlobalSection(SolutionProperties) = preSolution
		HideSolutionNode = FALSE
	EndGlobalSection
EndGlobal
